
Microsoft Visual Studio Solution File, Format Version 12.00
# Visual Studio 15
VisualStudioVersion = 15.0.26124.0
MinimumVisualStudioVersion = 15.0.26124.0
Project("{FAE04EC0-301F-11D3-BF4B-00C04F79EFBC}") = "QuickBuy.Dominio", "QuickBuy.Dominio\QuickBuy.Dominio.csproj", "{66E6EFD5-5B2D-421D-A357-D633BCFF066D}"
EndProject
Project("{FAE04EC0-301F-11D3-BF4B-00C04F79EFBC}") = "QuickBuy.Repositorio", "QuickBuy.Repositorio\QuickBuy.Repositorio.csproj", "{D3D4A43B-CCEE-4FE5-9FE6-662205904B1D}"
EndProject
Project("{FAE04EC0-301F-11D3-BF4B-00C04F79EFBC}") = "QuickBuy.Web", "QuickBuy.Web\QuickBuy.Web.csproj", "{59FC82C5-AB55-4AFB-9D9F-4F35BBD9ABA7}"
EndProject
Global
	GlobalSection(SolutionConfigurationPlatforms) = preSolution
		Debug|Any CPU = Debug|Any CPU
		Debug|x64 = Debug|x64
		Debug|x86 = Debug|x86
		Release|Any CPU = Release|Any CPU
		Release|x64 = Release|x64
		Release|x86 = Release|x86
	EndGlobalSection
	GlobalSection(SolutionProperties) = preSolution
		HideSolutionNode = FALSE
	EndGlobalSection
	GlobalSection(ProjectConfigurationPlatforms) = postSolution
		{66E6EFD5-5B2D-421D-A357-D633BCFF066D}.Debug|Any CPU.ActiveCfg = Debug|Any CPU
		{66E6EFD5-5B2D-421D-A357-D633BCFF066D}.Debug|Any CPU.Build.0 = Debug|Any CPU
		{66E6EFD5-5B2D-421D-A357-D633BCFF066D}.Debug|x64.ActiveCfg = Debug|Any CPU
		{66E6EFD5-5B2D-421D-A357-D633BCFF066D}.Debug|x64.Build.0 = Debug|Any CPU
		{66E6EFD5-5B2D-421D-A357-D633BCFF066D}.Debug|x86.ActiveCfg = Debug|Any CPU
		{66E6EFD5-5B2D-421D-A357-D633BCFF066D}.Debug|x86.Build.0 = Debug|Any CPU
		{66E6EFD5-5B2D-421D-A357-D633BCFF066D}.Release|Any CPU.ActiveCfg = Release|Any CPU
		{66E6EFD5-5B2D-421D-A357-D633BCFF066D}.Release|Any CPU.Build.0 = Release|Any CPU
		{66E6EFD5-5B2D-421D-A357-D633BCFF066D}.Release|x64.ActiveCfg = Release|Any CPU
		{66E6EFD5-5B2D-421D-A357-D633BCFF066D}.Release|x64.Build.0 = Release|Any CPU
		{66E6EFD5-5B2D-421D-A357-D633BCFF066D}.Release|x86.ActiveCfg = Release|Any CPU
		{66E6EFD5-5B2D-421D-A357-D633BCFF066D}.Release|x86.Build.0 = Release|Any CPU
		{D3D4A43B-CCEE-4FE5-9FE6-662205904B1D}.Debug|Any CPU.ActiveCfg = Debug|Any CPU
		{D3D4A43B-CCEE-4FE5-9FE6-662205904B1D}.Debug|Any CPU.Build.0 = Debug|Any CPU
		{D3D4A43B-CCEE-4FE5-9FE6-662205904B1D}.Debug|x64.ActiveCfg = Debug|Any CPU
		{D3D4A43B-CCEE-4FE5-9FE6-662205904B1D}.Debug|x64.Build.0 = Debug|Any CPU
		{D3D4A43B-CCEE-4FE5-9FE6-662205904B1D}.Debug|x86.ActiveCfg = Debug|Any CPU
		{D3D4A43B-CCEE-4FE5-9FE6-662205904B1D}.Debug|x86.Build.0 = Debug|Any CPU
		{D3D4A43B-CCEE-4FE5-9FE6-662205904B1D}.Release|Any CPU.ActiveCfg = Release|Any CPU
		{D3D4A43B-CCEE-4FE5-9FE6-662205904B1D}.Release|Any CPU.Build.0 = Release|Any CPU
		{D3D4A43B-CCEE-4FE5-9FE6-662205904B1D}.Release|x64.ActiveCfg = Release|Any CPU
		{D3D4A43B-CCEE-4FE5-9FE6-662205904B1D}.Release|x64.Build.0 = Release|Any CPU
		{D3D4A43B-CCEE-4FE5-9FE6-662205904B1D}.Release|x86.ActiveCfg = Release|Any CPU
		{D3D4A43B-CCEE-4FE5-9FE6-662205904B1D}.Release|x86.Build.0 = Release|Any CPU
		{59FC82C5-AB55-4AFB-9D9F-4F35BBD9ABA7}.Debug|Any CPU.ActiveCfg = Debug|Any CPU
		{59FC82C5-AB55-4AFB-9D9F-4F35BBD9ABA7}.Debug|Any CPU.Build.0 = Debug|Any CPU
		{59FC82C5-AB55-4AFB-9D9F-4F35BBD9ABA7}.Debug|x64.ActiveCfg = Debug|Any CPU
		{59FC82C5-AB55-4AFB-9D9F-4F35BBD9ABA7}.Debug|x64.Build.0 = Debug|Any CPU
		{59FC82C5-AB55-4AFB-9D9F-4F35BBD9ABA7}.Debug|x86.ActiveCfg = Debug|Any CPU
		{59FC82C5-AB55-4AFB-9D9F-4F35BBD9ABA7}.Debug|x86.Build.0 = Debug|Any CPU
		{59FC82C5-AB55-4AFB-9D9F-4F35BBD9ABA7}.Release|Any CPU.ActiveCfg = Release|Any CPU
		{59FC82C5-AB55-4AFB-9D9F-4F35BBD9ABA7}.Release|Any CPU.Build.0 = Release|Any CPU
		{59FC82C5-AB55-4AFB-9D9F-4F35BBD9ABA7}.Release|x64.ActiveCfg = Release|Any CPU
		{59FC82C5-AB55-4AFB-9D9F-4F35BBD9ABA7}.Release|x64.Build.0 = Release|Any CPU
		{59FC82C5-AB55-4AFB-9D9F-4F35BBD9ABA7}.Release|x86.ActiveCfg = Release|Any CPU
		{59FC82C5-AB55-4AFB-9D9F-4F35BBD9ABA7}.Release|x86.Build.0 = Release|Any CPU
	EndGlobalSection
EndGlobal
